PODS:
  - BaseUIManager (1.2.3):
    - ChameleonFramework
    - pop
  - ChameleonFramework (2.1.0):
    - ChameleonFramework/Default (= 2.1.0)
  - ChameleonFramework/Default (2.1.0)
  - pop (1.0.12)

DEPENDENCIES:
  - BaseUIManager (from `../`)

SPEC REPOS:
  trunk:
    - ChameleonFramework
    - pop

EXTERNAL SOURCES:
  BaseUIManager:
    :path: "../"

SPEC CHECKSUMS:
  BaseUIManager: 2433196e789ffcd6bcb32cbfbba0bb0b45f07d18
  ChameleonFramework: d21a3cc247abfe5e37609a283a8238b03575cf64
  pop: d582054913807fd11fd50bfe6a539d91c7e1a55a

PODFILE CHECKSUM: ef1b6d878245b510dec52c6c21d66051a41f13ab

COCOAPODS: 1.10.0
