PODS:
  - BaseUIManager (1.3.6):
    - ChameleonFramework
    - KVOController
    - MGSwipeTableCell
    - pop
  - ChameleonFramework (2.1.0):
    - ChameleonFramework/Default (= 2.1.0)
  - ChameleonFramework/Default (2.1.0)
  - KVOController (1.2.0)
  - MGSwipeTableCell (1.6.11)
  - pop (1.0.12)

DEPENDENCIES:
  - BaseUIManager (from `../`)

SPEC REPOS:
  trunk:
    - ChameleonFramework
    - KVOController
    - MGSwipeTableCell
    - pop

EXTERNAL SOURCES:
  BaseUIManager:
    :path: "../"

SPEC CHECKSUMS:
  BaseUIManager: 61679b52841b7397a6328e942406324ca3dbc8c1
  ChameleonFramework: d21a3cc247abfe5e37609a283a8238b03575cf64
  KVOController: d72ace34afea42468329623b3379ab3cd1d286b6
  MGSwipeTableCell: b804e4e450dee439c42250be90bd50458bf67fce
  pop: d582054913807fd11fd50bfe6a539d91c7e1a55a

PODFILE CHECKSUM: ef1b6d878245b510dec52c6c21d66051a41f13ab

COCOAPODS: 1.10.0
